
Microsoft Visual Studio Solution File, Format Version 12.00
# Visual Studio Version 17
VisualStudioVersion = 17.1.32421.90
MinimumVisualStudioVersion = 10.0.40219.1
Project("{FAE04EC0-301F-11D3-BF4B-00C04F79EFBC}") = "Gorsel_Programlama_Odev", "Gorsel_Programlama_Odev\Gorsel_Programlama_Odev.csproj", "{7406CB4C-F071-4AF4-95AD-704A95754C65}"
EndProject
Global
	GlobalSection(SolutionConfigurationPlatforms) = preSolution
		Debug|Any CPU = Debug|Any CPU
		Release|Any CPU = Release|Any CPU
	EndGlobalSection
	GlobalSection(ProjectConfigurationPlatforms) = postSolution
		{7406CB4C-F071-4AF4-95AD-704A95754C65}.Debug|Any CPU.ActiveCfg = Debug|Any CPU
		{7406CB4C-F071-4AF4-95AD-704A95754C65}.Debug|Any CPU.Build.0 = Debug|Any CPU
		{7406CB4C-F071-4AF4-95AD-704A95754C65}.Release|Any CPU.ActiveCfg = Release|Any CPU
		{7406CB4C-F071-4AF4-95AD-704A95754C65}.Release|Any CPU.Build.0 = Release|Any CPU
	EndGlobalSection
	GlobalSection(SolutionProperties) = preSolution
		HideSolutionNode = FALSE
	EndGlobalSection
	GlobalSection(ExtensibilityGlobals) = postSolution
		SolutionGuid = {EC6E4ADF-67F3-4AF8-87BA-F7C00DFD331D}
	EndGlobalSection
EndGlobal
